
Microsoft Visual Studio Solution File, Format Version 12.00
# Visual Studio Version 16
VisualStudioVersion = 16.0.31702.278
MinimumVisualStudioVersion = 10.0.40219.1
Project("{FAE04EC0-301F-11D3-BF4B-00C04F79EFBC}") = "ExpendedoraBase", "ExpendedoraBase.csproj", "{58A4B490-E592-4E26-A404-505A3A5EBB26}"
EndProject
Global
	GlobalSection(SolutionConfigurationPlatforms) = preSolution
		Debug|Any CPU = Debug|Any CPU
		Release|Any CPU = Release|Any CPU
	EndGlobalSection
	GlobalSection(ProjectConfigurationPlatforms) = postSolution
		{58A4B490-E592-4E26-A404-505A3A5EBB26}.Debug|Any CPU.ActiveCfg = Debug|Any CPU
		{58A4B490-E592-4E26-A404-505A3A5EBB26}.Debug|Any CPU.Build.0 = Debug|Any CPU
		{58A4B490-E592-4E26-A404-505A3A5EBB26}.Release|Any CPU.ActiveCfg = Release|Any CPU
		{58A4B490-E592-4E26-A404-505A3A5EBB26}.Release|Any CPU.Build.0 = Release|Any CPU
	EndGlobalSection
	GlobalSection(SolutionProperties) = preSolution
		HideSolutionNode = FALSE
	EndGlobalSection
	GlobalSection(ExtensibilityGlobals) = postSolution
		SolutionGuid = {FCF9F5B1-86F1-4A9A-B88D-1E3D086FA49D}
	EndGlobalSection
EndGlobal
